// !$*UTF8*$!
{
	archiveVersion = 1;
	classes = {
	};
	objectVersion = 56;
	objects = {

/* Begin PBXBuildFile section */
		A221FCB12A72BAF400639E40 /* AppDelegate.swift in Sources */ = {isa = PBXBuildFile; fileRef = A221FCB02A72BAF400639E40 /* AppDelegate.swift */; };
		A221FCB32A72BAF400639E40 /* SceneDelegate.swift in Sources */ = {isa = PBXBuildFile; fileRef = A221FCB22A72BAF400639E40 /* SceneDelegate.swift */; };
		A221FCB82A72BAF400639E40 /* Main.storyboard in Resources */ = {isa = PBXBuildFile; fileRef = A221FCB62A72BAF400639E40 /* Main.storyboard */; };
		A221FCBA2A72BAF700639E40 /* Assets.xcassets in Resources */ = {isa = PBXBuildFile; fileRef = A221FCB92A72BAF700639E40 /* Assets.xcassets */; };
		A221FCBD2A72BAF700639E40 /* LaunchScreen.storyboard in Resources */ = {isa = PBXBuildFile; fileRef = A221FCBB2A72BAF700639E40 /* LaunchScreen.storyboard */; };
		A221FCC52A72BB1900639E40 /* homePageViewController.swift in Sources */ = {isa = PBXBuildFile; fileRef = A221FCC42A72BB1900639E40 /* homePageViewController.swift */; };
		A221FCC72A72BB2D00639E40 /* musicViewController.swift in Sources */ = {isa = PBXBuildFile; fileRef = A221FCC62A72BB2D00639E40 /* musicViewController.swift */; };
		A22FA3692A73988E00E89C90 /* ChenYuluoyan-Thin.ttf in Resources */ = {isa = PBXBuildFile; fileRef = A22FA3682A73988E00E89C90 /* ChenYuluoyan-Thin.ttf */; };
		A22FA3712A73A93200E89C90 /* NIGHT_DANCER.mp3 in Resources */ = {isa = PBXBuildFile; fileRef = A22FA3702A73A93200E89C90 /* NIGHT_DANCER.mp3 */; };
		A22FA3732A73ABD000E89C90 /* Stay_With_Me.mp3 in Resources */ = {isa = PBXBuildFile; fileRef = A22FA3722A73ABCF00E89C90 /* Stay_With_Me.mp3 */; };
		A22FA3752A73AC2A00E89C90 /* golden_hour.mp3 in Resources */ = {isa = PBXBuildFile; fileRef = A22FA3742A73AC2900E89C90 /* golden_hour.mp3 */; };
		A2530B8A2A77FA200073B5BA /* struct.swift in Sources */ = {isa = PBXBuildFile; fileRef = A2530B892A77FA200073B5BA /* struct.swift */; };
/* End PBXBuildFile section */

/* Begin PBXFileReference section */
		A221FCAD2A72BAF400639E40 /* 音樂播放器.app */ = {isa = PBXFileReference; explicitFileType = wrapper.application; includeInIndex = 0; path = "音樂播放器.app"; sourceTree = BUILT_PRODUCTS_DIR; };
		A221FCB02A72BAF400639E40 /* AppDelegate.swift */ = {isa = PBXFileReference; lastKnownFileType = sourcecode.swift; path = AppDelegate.swift; sourceTree = "<group>"; };
		A221FCB22A72BAF400639E40 /* SceneDelegate.swift */ = {isa = PBXFileReference; lastKnownFileType = sourcecode.swift; path = SceneDelegate.swift; sourceTree = "<group>"; };
		A221FCB72A72BAF400639E40 /* Base */ = {isa = PBXFileReference; lastKnownFileType = file.storyboard; name = Base; path = Base.lproj/Main.storyboard; sourceTree = "<group>"; };
		A221FCB92A72BAF700639E40 /* Assets.xcassets */ = {isa = PBXFileReference; lastKnownFileType = folder.assetcatalog; path = Assets.xcassets; sourceTree = "<group>"; };
		A221FCBC2A72BAF700639E40 /* Base */ = {isa = PBXFileReference; lastKnownFileType = file.storyboard; name = Base; path = Base.lproj/LaunchScreen.storyboard; sourceTree = "<group>"; };
		A221FCBE2A72BAF700639E40 /* Info.plist */ = {isa = PBXFileReference; lastKnownFileType = text.plist.xml; path = Info.plist; sourceTree = "<group>"; };
		A221FCC42A72BB1900639E40 /* homePageViewController.swift */ = {isa = PBXFileReference; lastKnownFileType = sourcecode.swift; path = homePageViewController.swift; sourceTree = "<group>"; };
		A221FCC62A72BB2D00639E40 /* musicViewController.swift */ = {isa = PBXFileReference; lastKnownFileType = sourcecode.swift; path = musicViewController.swift; sourceTree = "<group>"; };
		A22FA3682A73988E00E89C90 /* ChenYuluoyan-Thin.ttf */ = {isa = PBXFileReference; lastKnownFileType = file; path = "ChenYuluoyan-Thin.ttf"; sourceTree = "<group>"; };
		A22FA3702A73A93200E89C90 /* NIGHT_DANCER.mp3 */ = {isa = PBXFileReference; lastKnownFileType = audio.mp3; path = NIGHT_DANCER.mp3; sourceTree = "<group>"; };
		A22FA3722A73ABCF00E89C90 /* Stay_With_Me.mp3 */ = {isa = PBXFileReference; lastKnownFileType = audio.mp3; path = Stay_With_Me.mp3; sourceTree = "<group>"; };
		A22FA3742A73AC2900E89C90 /* golden_hour.mp3 */ = {isa = PBXFileReference; lastKnownFileType = audio.mp3; path = golden_hour.mp3; sourceTree = "<group>"; };
		A2530B892A77FA200073B5BA /* struct.swift */ = {isa = PBXFileReference; lastKnownFileType = sourcecode.swift; path = struct.swift; sourceTree = "<group>"; };
/* End PBXFileReference section */

/* Begin PBXFrameworksBuildPhase section */
		A221FCAA2A72BAF400639E40 /* Frameworks */ = {
			isa = PBXFrameworksBuildPhase;
			buildActionMask = 2147483647;
			files = (
			);
			runOnlyForDeploymentPostprocessing = 0;
		};
/* End PBXFrameworksBuildPhase section */

/* Begin PBXGroup section */
		A221FCA42A72BAF400639E40 = {
			isa = PBXGroup;
			children = (
				A221FCAF2A72BAF400639E40 /* 音樂播放器 */,
				A221FCAE2A72BAF400639E40 /* Products */,
			);
			sourceTree = "<group>";
		};
		A221FCAE2A72BAF400639E40 /* Products */ = {
			isa = PBXGroup;
			children = (
				A221FCAD2A72BAF400639E40 /* 音樂播放器.app */,
			);
			name = Products;
			sourceTree = "<group>";
		};
		A221FCAF2A72BAF400639E40 /* 音樂播放器 */ = {
			isa = PBXGroup;
			children = (
				A221FCB02A72BAF400639E40 /* AppDelegate.swift */,
				A221FCB22A72BAF400639E40 /* SceneDelegate.swift */,
				A221FCC42A72BB1900639E40 /* homePageViewController.swift */,
				A221FCC62A72BB2D00639E40 /* musicViewController.swift */,
				A2530B892A77FA200073B5BA /* struct.swift */,
				A221FCB62A72BAF400639E40 /* Main.storyboard */,
				A221FCB92A72BAF700639E40 /* Assets.xcassets */,
				A221FCBB2A72BAF700639E40 /* LaunchScreen.storyboard */,
				A221FCBE2A72BAF700639E40 /* Info.plist */,
				A22FA3682A73988E00E89C90 /* ChenYuluoyan-Thin.ttf */,
				A22FA3702A73A93200E89C90 /* NIGHT_DANCER.mp3 */,
				A22FA3722A73ABCF00E89C90 /* Stay_With_Me.mp3 */,
				A22FA3742A73AC2900E89C90 /* golden_hour.mp3 */,
			);
			path = "音樂播放器";
			sourceTree = "<group>";
		};
/* End PBXGroup section */

/* Begin PBXNativeTarget section */
		A221FCAC2A72BAF400639E40 /* 音樂播放器 */ = {
			isa = PBXNativeTarget;
			buildConfigurationList = A221FCC12A72BAF700639E40 /* Build configuration list for PBXNativeTarget "音樂播放器" */;
			buildPhases = (
				A221FCA92A72BAF400639E40 /* Sources */,
				A221FCAA2A72BAF400639E40 /* Frameworks */,
				A221FCAB2A72BAF400639E40 /* Resources */,
			);
			buildRules = (
			);
			dependencies = (
			);
			name = "音樂播放器";
			productName = "音樂播放器";
			productReference = A221FCAD2A72BAF400639E40 /* 音樂播放器.app */;
			productType = "com.apple.product-type.application";
		};
/* End PBXNativeTarget section */

/* Begin PBXProject section */
		A221FCA52A72BAF400639E40 /* Project object */ = {
			isa = PBXProject;
			attributes = {
				BuildIndependentTargetsInParallel = 1;
				LastSwiftUpdateCheck = 1500;
				LastUpgradeCheck = 1500;
				TargetAttributes = {
					A221FCAC2A72BAF400639E40 = {
						CreatedOnToolsVersion = 15.0;
					};
				};
			};
			buildConfigurationList = A221FCA82A72BAF400639E40 /* Build configuration list for PBXProject "音樂播放器" */;
			compatibilityVersion = "Xcode 14.0";
			developmentRegion = en;
			hasScannedForEncodings = 0;
			knownRegions = (
				en,
				Base,
			);
			mainGroup = A221FCA42A72BAF400639E40;
			productRefGroup = A221FCAE2A72BAF400639E40 /* Products */;
			projectDirPath = "";
			projectRoot = "";
			targets = (
				A221FCAC2A72BAF400639E40 /* 音樂播放器 */,
			);
		};
/* End PBXProject section */

/* Begin PBXResourcesBuildPhase section */
		A221FCAB2A72BAF400639E40 /* Resources */ = {
			isa = PBXResourcesBuildPhase;
			buildActionMask = 2147483647;
			files = (
				A22FA3752A73AC2A00E89C90 /* golden_hour.mp3 in Resources */,
				A22FA3732A73ABD000E89C90 /* Stay_With_Me.mp3 in Resources */,
				A221FCBD2A72BAF700639E40 /* LaunchScreen.storyboard in Resources */,
				A22FA3692A73988E00E89C90 /* ChenYuluoyan-Thin.ttf in Resources */,
				A221FCBA2A72BAF700639E40 /* Assets.xcassets in Resources */,
				A22FA3712A73A93200E89C90 /* NIGHT_DANCER.mp3 in Resources */,
				A221FCB82A72BAF400639E40 /* Main.storyboard in Resources */,
			);
			runOnlyForDeploymentPostprocessing = 0;
		};
/* End PBXResourcesBuildPhase section */

/* Begin PBXSourcesBuildPhase section */
		A221FCA92A72BAF400639E40 /* Sources */ = {
			isa = PBXSourcesBuildPhase;
			buildActionMask = 2147483647;
			files = (
				A221FCC72A72BB2D00639E40 /* musicViewController.swift in Sources */,
				A221FCC52A72BB1900639E40 /* homePageViewController.swift in Sources */,
				A221FCB12A72BAF400639E40 /* AppDelegate.swift in Sources */,
				A2530B8A2A77FA200073B5BA /* struct.swift in Sources */,
				A221FCB32A72BAF400639E40 /* SceneDelegate.swift in Sources */,
			);
			runOnlyForDeploymentPostprocessing = 0;
		};
/* End PBXSourcesBuildPhase section */

/* Begin PBXVariantGroup section */
		A221FCB62A72BAF400639E40 /* Main.storyboard */ = {
			isa = PBXVariantGroup;
			children = (
				A221FCB72A72BAF400639E40 /* Base */,
			);
			name = Main.storyboard;
			sourceTree = "<group>";
		};
		A221FCBB2A72BAF700639E40 /* LaunchScreen.storyboard */ = {
			isa = PBXVariantGroup;
			children = (
				A221FCBC2A72BAF700639E40 /* Base */,
			);
			name = LaunchScreen.storyboard;
			sourceTree = "<group>";
		};
/* End PBXVariantGroup section */

/* Begin XCBuildConfiguration section */
		A221FCBF2A72BAF700639E40 /* Debug */ = {
			isa = XCBuildConfiguration;
			buildSettings = {
				ALWAYS_SEARCH_USER_PATHS = NO;
				ASSETCATALOG_COMPILER_GENERATE_SWIFT_ASSET_SYMBOL_EXTENSIONS = YES;
				CLANG_ANALYZER_NONNULL = YES;
				CLANG_ANALYZER_NUMBER_OBJECT_CONVERSION = YES_AGGRESSIVE;
				CLANG_CXX_LANGUAGE_STANDARD = "gnu++20";
				CLANG_ENABLE_MODULES = YES;
				CLANG_ENABLE_OBJC_ARC = YES;
				CLANG_ENABLE_OBJC_WEAK = YES;
				CLANG_WARN_BLOCK_CAPTURE_AUTORELEASING = YES;
				CLANG_WARN_BOOL_CONVERSION = YES;
				CLANG_WARN_COMMA = YES;
				CLANG_WARN_CONSTANT_CONVERSION = YES;
				CLANG_WARN_DEPRECATED_OBJC_IMPLEMENTATIONS = YES;
				CLANG_WARN_DIRECT_OBJC_ISA_USAGE = YES_ERROR;
				CLANG_WARN_DOCUMENTATION_COMMENTS = YES;
				CLANG_WARN_EMPTY_BODY = YES;
				CLANG_WARN_ENUM_CONVERSION = YES;
				CLANG_WARN_INFINITE_RECURSION = YES;
				CLANG_WARN_INT_CONVERSION = YES;
				CLANG_WARN_NON_LITERAL_NULL_CONVERSION = YES;
				CLANG_WARN_OBJC_IMPLICIT_RETAIN_SELF = YES;
				CLANG_WARN_OBJC_LITERAL_CONVERSION = YES;
				CLANG_WARN_OBJC_ROOT_CLASS = YES_ERROR;
				CLANG_WARN_QUOTED_INCLUDE_IN_FRAMEWORK_HEADER = YES;
				CLANG_WARN_RANGE_LOOP_ANALYSIS = YES;
				CLANG_WARN_STRICT_PROTOTYPES = YES;
				CLANG_WARN_SUSPICIOUS_MOVE = YES;
				CLANG_WARN_UNGUARDED_AVAILABILITY = YES_AGGRESSIVE;
				CLANG_WARN_UNREACHABLE_CODE = YES;
				CLANG_WARN__DUPLICATE_METHOD_MATCH = YES;
				COPY_PHASE_STRIP = NO;
				DEBUG_INFORMATION_FORMAT = dwarf;
				ENABLE_STRICT_OBJC_MSGSEND = YES;
				ENABLE_TESTABILITY = YES;
				ENABLE_USER_SCRIPT_SANDBOXING = YES;
				GCC_C_LANGUAGE_STANDARD = gnu17;
				GCC_DYNAMIC_NO_PIC = NO;
				GCC_NO_COMMON_BLOCKS = YES;
				GCC_OPTIMIZATION_LEVEL = 0;
				GCC_PREPROCESSOR_DEFINITIONS = (
					"DEBUG=1",
					"$(inherited)",
				);
				GCC_WARN_64_TO_32_BIT_CONVERSION = YES;
				GCC_WARN_ABOUT_RETURN_TYPE = YES_ERROR;
				GCC_WARN_UNDECLARED_SELECTOR = YES;
				GCC_WARN_UNINITIALIZED_AUTOS = YES_AGGRESSIVE;
				GCC_WARN_UNUSED_FUNCTION = YES;
				GCC_WARN_UNUSED_VARIABLE = YES;
				IPHONEOS_DEPLOYMENT_TARGET = 17.0;
				LOCALIZATION_PREFERS_STRING_CATALOGS = YES;
				MTL_ENABLE_DEBUG_INFO = INCLUDE_SOURCE;
				MTL_FAST_MATH = YES;
				ONLY_ACTIVE_ARCH = YES;
				SDKROOT = iphoneos;
				SWIFT_ACTIVE_COMPILATION_CONDITIONS = "DEBUG $(inherited)";
				SWIFT_OPTIMIZATION_LEVEL = "-Onone";
			};
			name = Debug;
		};
		A221FCC02A72BAF700639E40 /* Release */ = {
			isa = XCBuildConfiguration;
			buildSettings = {
				ALWAYS_SEARCH_USER_PATHS = NO;
				ASSETCATALOG_COMPILER_GENERATE_SWIFT_ASSET_SYMBOL_EXTENSIONS = YES;
				CLANG_ANALYZER_NONNULL = YES;
				CLANG_ANALYZER_NUMBER_OBJECT_CONVERSION = YES_AGGRESSIVE;
				CLANG_CXX_LANGUAGE_STANDARD = "gnu++20";
				CLANG_ENABLE_MODULES = YES;
				CLANG_ENABLE_OBJC_ARC = YES;
				CLANG_ENABLE_OBJC_WEAK = YES;
				CLANG_WARN_BLOCK_CAPTURE_AUTORELEASING = YES;
				CLANG_WARN_BOOL_CONVERSION = YES;
				CLANG_WARN_COMMA = YES;
				CLANG_WARN_CONSTANT_CONVERSION = YES;
				CLANG_WARN_DEPRECATED_OBJC_IMPLEMENTATIONS = YES;
				CLANG_WARN_DIRECT_OBJC_ISA_USAGE = YES_ERROR;
				CLANG_WARN_DOCUMENTATION_COMMENTS = YES;
				CLANG_WARN_EMPTY_BODY = YES;
				CLANG_WARN_ENUM_CONVERSION = YES;
				CLANG_WARN_INFINITE_RECURSION = YES;
				CLANG_WARN_INT_CONVERSION = YES;
				CLANG_WARN_NON_LITERAL_NULL_CONVERSION = YES;
				CLANG_WARN_OBJC_IMPLICIT_RETAIN_SELF = YES;
				CLANG_WARN_OBJC_LITERAL_CONVERSION = YES;
				CLANG_WARN_OBJC_ROOT_CLASS = YES_ERROR;
				CLANG_WARN_QUOTED_INCLUDE_IN_FRAMEWORK_HEADER = YES;
				CLANG_WARN_RANGE_LOOP_ANALYSIS = YES;
				CLANG_WARN_STRICT_PROTOTYPES = YES;
				CLANG_WARN_SUSPICIOUS_MOVE = YES;
				CLANG_WARN_UNGUARDED_AVAILABILITY = YES_AGGRESSIVE;
				CLANG_WARN_UNREACHABLE_CODE = YES;
				CLANG_WARN__DUPLICATE_METHOD_MATCH = YES;
				COPY_PHASE_STRIP = NO;
				DEBUG_INFORMATION_FORMAT = "dwarf-with-dsym";
				ENABLE_NS_ASSERTIONS = NO;
				ENABLE_STRICT_OBJC_MSGSEND = YES;
				ENABLE_USER_SCRIPT_SANDBOXING = YES;
				GCC_C_LANGUAGE_STANDARD = gnu17;
				GCC_NO_COMMON_BLOCKS = YES;
				GCC_WARN_64_TO_32_BIT_CONVERSION = YES;
				GCC_WARN_ABOUT_RETURN_TYPE = YES_ERROR;
				GCC_WARN_UNDECLARED_SELECTOR = YES;
				GCC_WARN_UNINITIALIZED_AUTOS = YES_AGGRESSIVE;
				GCC_WARN_UNUSED_FUNCTION = YES;
				GCC_WARN_UNUSED_VARIABLE = YES;
				IPHONEOS_DEPLOYMENT_TARGET = 17.0;
				LOCALIZATION_PREFERS_STRING_CATALOGS = YES;
				MTL_ENABLE_DEBUG_INFO = NO;
				MTL_FAST_MATH = YES;
				SDKROOT = iphoneos;
				SWIFT_COMPILATION_MODE = wholemodule;
				VALIDATE_PRODUCT = YES;
			};
			name = Release;
		};
		A221FCC22A72BAF700639E40 /* Debug */ = {
			isa = XCBuildConfiguration;
			buildSettings = {
				ASSETCATALOG_COMPILER_APPICON_NAME = AppIcon;
				ASSETCATALOG_COMPILER_GLOBAL_ACCENT_COLOR_NAME = AccentColor;
				CODE_SIGN_STYLE = Automatic;
				CURRENT_PROJECT_VERSION = 1;
				DEVELOPMENT_TEAM = M4YMY53R7K;
				GENERATE_INFOPLIST_FILE = YES;
				INFOPLIST_FILE = "音樂播放器/Info.plist";
				INFOPLIST_KEY_UIApplicationSupportsIndirectInputEvents = YES;
				INFOPLIST_KEY_UILaunchStoryboardName = LaunchScreen;
				INFOPLIST_KEY_UIMainStoryboardFile = Main;
				INFOPLIST_KEY_UISupportedInterfaceOrientations_iPad = "UIInterfaceOrientationPortrait UIInterfaceOrientationPortraitUpsideDown UIInterfaceOrientationLandscapeLeft UIInterfaceOrientationLandscapeRight";
				INFOPLIST_KEY_UISupportedInterfaceOrientations_iPhone = "UIInterfaceOrientationPortrait UIInterfaceOrientationLandscapeLeft UIInterfaceOrientationLandscapeRight";
				LD_RUNPATH_SEARCH_PATHS = (
					"$(inherited)",
					"@executable_path/Frameworks",
				);
				MARKETING_VERSION = 1.0;
				PRODUCT_BUNDLE_IDENTIFIER = "hydee.-----";
				PRODUCT_NAME = "$(TARGET_NAME)";
				SWIFT_EMIT_LOC_STRINGS = YES;
				SWIFT_VERSION = 5.0;
				TARGETED_DEVICE_FAMILY = "1,2";
			};
			name = Debug;
		};
		A221FCC32A72BAF700639E40 /* Release */ = {
			isa = XCBuildConfiguration;
			buildSettings = {
				ASSETCATALOG_COMPILER_APPICON_NAME = AppIcon;
				ASSETCATALOG_COMPILER_GLOBAL_ACCENT_COLOR_NAME = AccentColor;
				CODE_SIGN_STYLE = Automatic;
				CURRENT_PROJECT_VERSION = 1;
				DEVELOPMENT_TEAM = M4YMY53R7K;
				GENERATE_INFOPLIST_FILE = YES;
				INFOPLIST_FILE = "音樂播放器/Info.plist";
				INFOPLIST_KEY_UIApplicationSupportsIndirectInputEvents = YES;
				INFOPLIST_KEY_UILaunchStoryboardName = LaunchScreen;
				INFOPLIST_KEY_UIMainStoryboardFile = Main;
				INFOPLIST_KEY_UISupportedInterfaceOrientations_iPad = "UIInterfaceOrientationPortrait UIInterfaceOrientationPortraitUpsideDown UIInterfaceOrientationLandscapeLeft UIInterfaceOrientationLandscapeRight";
				INFOPLIST_KEY_UISupportedInterfaceOrientations_iPhone = "UIInterfaceOrientationPortrait UIInterfaceOrientationLandscapeLeft UIInterfaceOrientationLandscapeRight";
				LD_RUNPATH_SEARCH_PATHS = (
					"$(inherited)",
					"@executable_path/Frameworks",
				);
				MARKETING_VERSION = 1.0;
				PRODUCT_BUNDLE_IDENTIFIER = "hydee.-----";
				PRODUCT_NAME = "$(TARGET_NAME)";
				SWIFT_EMIT_LOC_STRINGS = YES;
				SWIFT_VERSION = 5.0;
				TARGETED_DEVICE_FAMILY = "1,2";
			};
			name = Release;
		};
/* End XCBuildConfiguration section */

/* Begin XCConfigurationList section */
		A221FCA82A72BAF400639E40 /* Build configuration list for PBXProject "音樂播放器" */ = {
			isa = XCConfigurationList;
			buildConfigurations = (
				A221FCBF2A72BAF700639E40 /* Debug */,
				A221FCC02A72BAF700639E40 /* Release */,
			);
			defaultConfigurationIsVisible = 0;
			defaultConfigurationName = Release;
		};
		A221FCC12A72BAF700639E40 /* Build configuration list for PBXNativeTarget "音樂播放器" */ = {
			isa = XCConfigurationList;
			buildConfigurations = (
				A221FCC22A72BAF700639E40 /* Debug */,
				A221FCC32A72BAF700639E40 /* Release */,
			);
			defaultConfigurationIsVisible = 0;
			defaultConfigurationName = Release;
		};
/* End XCConfigurationList section */
	};
	rootObject = A221FCA52A72BAF400639E40 /* Project object */;
}
